
Microsoft Visual Studio Solution File, Format Version 12.00
# Visual Studio Version 17
VisualStudioVersion = 17.0.31903.59
MinimumVisualStudioVersion = 10.0.40219.1
Project("{FAE04EC0-301F-11D3-BF4B-00C04F79EFBC}") = "AKL.Common", "AKL.Common\AKL.Common.csproj", "{8AE766CA-9541-4C6D-A0B1-3126C714558E}"
EndProject
Project("{FAE04EC0-301F-11D3-BF4B-00C04F79EFBC}") = "AKL.Cli", "AKL.Cli\AKL.Cli.csproj", "{ED077EE6-7656-4273-BD72-2D41BDD0BFC2}"
EndProject
Project("{FAE04EC0-301F-11D3-BF4B-00C04F79EFBC}") = "AKL.Common.Tests", "AKL.Common.Tests\AKL.Common.Tests.csproj", "{7E4FCA20-15B6-41C7-8239-B071E94533A5}"
EndProject
Global
	GlobalSection(SolutionConfigurationPlatforms) = preSolution
		Debug|Any CPU = Debug|Any CPU
		Release|Any CPU = Release|Any CPU
	EndGlobalSection
	GlobalSection(SolutionProperties) = preSolution
		HideSolutionNode = FALSE
	EndGlobalSection
	GlobalSection(ProjectConfigurationPlatforms) = postSolution
		{8AE766CA-9541-4C6D-A0B1-3126C714558E}.Debug|Any CPU.ActiveCfg = Debug|Any CPU
		{8AE766CA-9541-4C6D-A0B1-3126C714558E}.Debug|Any CPU.Build.0 = Debug|Any CPU
		{8AE766CA-9541-4C6D-A0B1-3126C714558E}.Release|Any CPU.ActiveCfg = Release|Any CPU
		{8AE766CA-9541-4C6D-A0B1-3126C714558E}.Release|Any CPU.Build.0 = Release|Any CPU
		{ED077EE6-7656-4273-BD72-2D41BDD0BFC2}.Debug|Any CPU.ActiveCfg = Debug|Any CPU
		{ED077EE6-7656-4273-BD72-2D41BDD0BFC2}.Debug|Any CPU.Build.0 = Debug|Any CPU
		{ED077EE6-7656-4273-BD72-2D41BDD0BFC2}.Release|Any CPU.ActiveCfg = Release|Any CPU
		{ED077EE6-7656-4273-BD72-2D41BDD0BFC2}.Release|Any CPU.Build.0 = Release|Any CPU
		{7E4FCA20-15B6-41C7-8239-B071E94533A5}.Debug|Any CPU.ActiveCfg = Debug|Any CPU
		{7E4FCA20-15B6-41C7-8239-B071E94533A5}.Debug|Any CPU.Build.0 = Debug|Any CPU
		{7E4FCA20-15B6-41C7-8239-B071E94533A5}.Release|Any CPU.ActiveCfg = Release|Any CPU
		{7E4FCA20-15B6-41C7-8239-B071E94533A5}.Release|Any CPU.Build.0 = Release|Any CPU
	EndGlobalSection
EndGlobal
